<Solution>
  <Project Path="Algoritmer-L01/Algoritmer-L01.csproj" />
  <Project Path="Algoritmer-L02/Algoritmer-L02.csproj" />
  <Project Path="Algoritmer-L03/Algoritmer-L03.csproj" Id="81757545-a97f-4bd4-9d95-298055da120e" />
  <Project Path="Algoritmer-L04/Algoritmer-L04.csproj" Id="9cb4ea3a-cdd1-42bf-8cad-175964e813d2" />
</Solution>
